
Microsoft Visual Studio Solution File, Format Version 12.00
# Visual Studio Version 16
VisualStudioVersion = 16.0.30225.117
MinimumVisualStudioVersion = 10.0.40219.1
Project("{2150E333-8FDC-42A3-9474-1A3956D46DE8}") = "src", "src", "{A96820B1-22E7-4E06-A3A5-4D5110698FC6}"
EndProject
Project("{FAE04EC0-301F-11D3-BF4B-00C04F79EFBC}") = "AlphaId.Api", "AlphaId.Api\AlphaId.Api.csproj", "{EBDDE8B6-DFA3-4381-A678-D68C4AFE2AC0}"
EndProject
Project("{FAE04EC0-301F-11D3-BF4B-00C04F79EFBC}") = "AlphaId.Dominio", "AlphaId.Dominio\AlphaId.Dominio.csproj", "{EB27E764-57CF-4521-ABC5-28F14BD42FAC}"
EndProject
Project("{FAE04EC0-301F-11D3-BF4B-00C04F79EFBC}") = "AlphaId.Servico", "AlphaId.Servico\AlphaId.Servico.csproj", "{653C955D-126C-4C6B-AAA5-0DCCE11A4CB0}"
EndProject
Project("{FAE04EC0-301F-11D3-BF4B-00C04F79EFBC}") = "AlphaId.Infra.Data.InMemory", "AlphaId.Infra.Data.InMemory\AlphaId.Infra.Data.InMemory.csproj", "{0CEC3816-1922-41BA-81EB-B66C22F50BB6}"
EndProject
Global
	GlobalSection(SolutionConfigurationPlatforms) = preSolution
		Debug|Any CPU = Debug|Any CPU
		Release|Any CPU = Release|Any CPU
	EndGlobalSection
	GlobalSection(ProjectConfigurationPlatforms) = postSolution
		{EBDDE8B6-DFA3-4381-A678-D68C4AFE2AC0}.Debug|Any CPU.ActiveCfg = Debug|Any CPU
		{EBDDE8B6-DFA3-4381-A678-D68C4AFE2AC0}.Debug|Any CPU.Build.0 = Debug|Any CPU
		{EBDDE8B6-DFA3-4381-A678-D68C4AFE2AC0}.Release|Any CPU.ActiveCfg = Release|Any CPU
		{EBDDE8B6-DFA3-4381-A678-D68C4AFE2AC0}.Release|Any CPU.Build.0 = Release|Any CPU
		{EB27E764-57CF-4521-ABC5-28F14BD42FAC}.Debug|Any CPU.ActiveCfg = Debug|Any CPU
		{EB27E764-57CF-4521-ABC5-28F14BD42FAC}.Debug|Any CPU.Build.0 = Debug|Any CPU
		{EB27E764-57CF-4521-ABC5-28F14BD42FAC}.Release|Any CPU.ActiveCfg = Release|Any CPU
		{EB27E764-57CF-4521-ABC5-28F14BD42FAC}.Release|Any CPU.Build.0 = Release|Any CPU
		{653C955D-126C-4C6B-AAA5-0DCCE11A4CB0}.Debug|Any CPU.ActiveCfg = Debug|Any CPU
		{653C955D-126C-4C6B-AAA5-0DCCE11A4CB0}.Debug|Any CPU.Build.0 = Debug|Any CPU
		{653C955D-126C-4C6B-AAA5-0DCCE11A4CB0}.Release|Any CPU.ActiveCfg = Release|Any CPU
		{653C955D-126C-4C6B-AAA5-0DCCE11A4CB0}.Release|Any CPU.Build.0 = Release|Any CPU
		{0CEC3816-1922-41BA-81EB-B66C22F50BB6}.Debug|Any CPU.ActiveCfg = Debug|Any CPU
		{0CEC3816-1922-41BA-81EB-B66C22F50BB6}.Debug|Any CPU.Build.0 = Debug|Any CPU
		{0CEC3816-1922-41BA-81EB-B66C22F50BB6}.Release|Any CPU.ActiveCfg = Release|Any CPU
		{0CEC3816-1922-41BA-81EB-B66C22F50BB6}.Release|Any CPU.Build.0 = Release|Any CPU
	EndGlobalSection
	GlobalSection(SolutionProperties) = preSolution
		HideSolutionNode = FALSE
	EndGlobalSection
	GlobalSection(NestedProjects) = preSolution
		{EBDDE8B6-DFA3-4381-A678-D68C4AFE2AC0} = {A96820B1-22E7-4E06-A3A5-4D5110698FC6}
		{EB27E764-57CF-4521-ABC5-28F14BD42FAC} = {A96820B1-22E7-4E06-A3A5-4D5110698FC6}
		{653C955D-126C-4C6B-AAA5-0DCCE11A4CB0} = {A96820B1-22E7-4E06-A3A5-4D5110698FC6}
		{0CEC3816-1922-41BA-81EB-B66C22F50BB6} = {A96820B1-22E7-4E06-A3A5-4D5110698FC6}
	EndGlobalSection
	GlobalSection(ExtensibilityGlobals) = postSolution
		SolutionGuid = {DE6DAD11-3071-4A99-AD1E-E43A750018F1}
	EndGlobalSection
EndGlobal
